
Microsoft Visual Studio Solution File, Format Version 11.00
# Visual Studio 2010
Project("{FAE04EC0-301F-11D3-BF4B-00C04F79EFBC}") = "cecho", "cecho\cecho.csproj", "{F625759C-71CA-4747-98B8-5A18988BF855}"
EndProject
Global
	GlobalSection(SolutionConfigurationPlatforms) = preSolution
		Debug|x86 = Debug|x86
		Release|x86 = Release|x86
		ReleaseSmall|x86 = ReleaseSmall|x86
	EndGlobalSection
	GlobalSection(ProjectConfigurationPlatforms) = postSolution
		{F625759C-71CA-4747-98B8-5A18988BF855}.Debug|x86.ActiveCfg = Debug|x86
		{F625759C-71CA-4747-98B8-5A18988BF855}.Debug|x86.Build.0 = Debug|x86
		{F625759C-71CA-4747-98B8-5A18988BF855}.Release|x86.ActiveCfg = Release|x86
		{F625759C-71CA-4747-98B8-5A18988BF855}.Release|x86.Build.0 = Release|x86
		{F625759C-71CA-4747-98B8-5A18988BF855}.ReleaseSmall|x86.ActiveCfg = ReleaseSmall|x86
		{F625759C-71CA-4747-98B8-5A18988BF855}.ReleaseSmall|x86.Build.0 = ReleaseSmall|x86
	EndGlobalSection
	GlobalSection(SolutionProperties) = preSolution
		HideSolutionNode = FALSE
	EndGlobalSection
EndGlobal
